
Microsoft Visual Studio Solution File, Format Version 12.00
# Visual Studio 14
VisualStudioVersion = 14.0.25420.1
MinimumVisualStudioVersion = 10.0.40219.1
Project("{D954291E-2A0B-460D-934E-DC6B0785DB48}") = "Elasticsearch.Powershell", "src\Elasticsearch.Powershell\Elasticsearch.Powershell.shproj", "{E0EAF9B3-3292-4070-A138-33963DD0297C}"
EndProject
Project("{FAE04EC0-301F-11D3-BF4B-00C04F79EFBC}") = "Elasticsearch.Powershell.V1", "src\Elasticsearch.Powershell.V1\Elasticsearch.Powershell.V1.csproj", "{2FF62E01-19B4-4C2E-B26A-E21E6F2A6910}"
EndProject
Project("{D954291E-2A0B-460D-934E-DC6B0785DB48}") = "Elasticsearch.Powershell.Tests", "src\Elasticsearch.Powershell.Tests\Elasticsearch.Powershell.Tests.shproj", "{81107053-A24F-4415-8FD4-AEDF79622FB0}"
EndProject
Project("{FAE04EC0-301F-11D3-BF4B-00C04F79EFBC}") = "Elasticsearch.Powershell.Tests.V1", "src\Elasticsearch.Powershell.Tests.V1\Elasticsearch.Powershell.Tests.V1.csproj", "{34B3DFEE-6900-4310-8534-BFABAAA77FB8}"
EndProject
Project("{FAE04EC0-301F-11D3-BF4B-00C04F79EFBC}") = "Elasticsearch.Powershell.V2", "src\Elasticsearch.Powershell.V2\Elasticsearch.Powershell.V2.csproj", "{8AADCAE0-6C3E-4043-BBBC-6836B5F287D0}"
EndProject
Global
	GlobalSection(SharedMSBuildProjectFiles) = preSolution
		src\Elasticsearch.Powershell.Tests\Elasticsearch.Powershell.Tests.projitems*{34b3dfee-6900-4310-8534-bfabaaa77fb8}*SharedItemsImports = 4
		src\Elasticsearch.Powershell.Tests\Elasticsearch.Powershell.Tests.projitems*{81107053-a24f-4415-8fd4-aedf79622fb0}*SharedItemsImports = 13
		src\Elasticsearch.Powershell\Elasticsearch.Powershell.projitems*{8aadcae0-6c3e-4043-bbbc-6836b5f287d0}*SharedItemsImports = 4
		src\Elasticsearch.Powershell\Elasticsearch.Powershell.projitems*{e0eaf9b3-3292-4070-a138-33963dd0297c}*SharedItemsImports = 13
	EndGlobalSection
	GlobalSection(SolutionConfigurationPlatforms) = preSolution
		Debug|Any CPU = Debug|Any CPU
		Release|Any CPU = Release|Any CPU
	EndGlobalSection
	GlobalSection(ProjectConfigurationPlatforms) = postSolution
		{2FF62E01-19B4-4C2E-B26A-E21E6F2A6910}.Debug|Any CPU.ActiveCfg = Debug|Any CPU
		{2FF62E01-19B4-4C2E-B26A-E21E6F2A6910}.Debug|Any CPU.Build.0 = Debug|Any CPU
		{2FF62E01-19B4-4C2E-B26A-E21E6F2A6910}.Release|Any CPU.ActiveCfg = Release|Any CPU
		{2FF62E01-19B4-4C2E-B26A-E21E6F2A6910}.Release|Any CPU.Build.0 = Release|Any CPU
		{34B3DFEE-6900-4310-8534-BFABAAA77FB8}.Debug|Any CPU.ActiveCfg = Debug|Any CPU
		{34B3DFEE-6900-4310-8534-BFABAAA77FB8}.Debug|Any CPU.Build.0 = Debug|Any CPU
		{34B3DFEE-6900-4310-8534-BFABAAA77FB8}.Release|Any CPU.ActiveCfg = Release|Any CPU
		{34B3DFEE-6900-4310-8534-BFABAAA77FB8}.Release|Any CPU.Build.0 = Release|Any CPU
		{8AADCAE0-6C3E-4043-BBBC-6836B5F287D0}.Debug|Any CPU.ActiveCfg = Debug|Any CPU
		{8AADCAE0-6C3E-4043-BBBC-6836B5F287D0}.Debug|Any CPU.Build.0 = Debug|Any CPU
		{8AADCAE0-6C3E-4043-BBBC-6836B5F287D0}.Release|Any CPU.ActiveCfg = Release|Any CPU
		{8AADCAE0-6C3E-4043-BBBC-6836B5F287D0}.Release|Any CPU.Build.0 = Release|Any CPU
	EndGlobalSection
	GlobalSection(SolutionProperties) = preSolution
		HideSolutionNode = FALSE
	EndGlobalSection
EndGlobal
