
Microsoft Visual Studio Solution File, Format Version 12.00
# Visual Studio 14
VisualStudioVersion = 14.0.25420.1
MinimumVisualStudioVersion = 10.0.40219.1
Project("{D954291E-2A0B-460D-934E-DC6B0785DB48}") = "Elasticsearch.Powershell", "src\Elasticsearch.Powershell\Elasticsearch.Powershell.shproj", "{E0EAF9B3-3292-4070-A138-33963DD0297C}"
EndProject
Project("{FAE04EC0-301F-11D3-BF4B-00C04F79EFBC}") = "Elasticsearch.Powershell.V1", "src\Elasticsearch.Powershell.V1\Elasticsearch.Powershell.V1.csproj", "{2FF62E01-19B4-4C2E-B26A-E21E6F2A6910}"
EndProject
Global
	GlobalSection(SharedMSBuildProjectFiles) = preSolution
		src\Elasticsearch.Powershell\Elasticsearch.Powershell.projitems*{e0eaf9b3-3292-4070-a138-33963dd0297c}*SharedItemsImports = 13
	EndGlobalSection
	GlobalSection(SolutionConfigurationPlatforms) = preSolution
		Debug|Any CPU = Debug|Any CPU
		Release|Any CPU = Release|Any CPU
	EndGlobalSection
	GlobalSection(ProjectConfigurationPlatforms) = postSolution
		{2FF62E01-19B4-4C2E-B26A-E21E6F2A6910}.Debug|Any CPU.ActiveCfg = Debug|Any CPU
		{2FF62E01-19B4-4C2E-B26A-E21E6F2A6910}.Debug|Any CPU.Build.0 = Debug|Any CPU
		{2FF62E01-19B4-4C2E-B26A-E21E6F2A6910}.Release|Any CPU.ActiveCfg = Release|Any CPU
		{2FF62E01-19B4-4C2E-B26A-E21E6F2A6910}.Release|Any CPU.Build.0 = Release|Any CPU
	EndGlobalSection
	GlobalSection(SolutionProperties) = preSolution
		HideSolutionNode = FALSE
	EndGlobalSection
EndGlobal
